
Microsoft Visual Studio Solution File, Format Version 12.00
# Visual Studio Version 17
VisualStudioVersion = 17.6.33801.468
MinimumVisualStudioVersion = 10.0.40219.1
Project("{2150E333-8FDC-42A3-9474-1A3956D46DE8}") = "community", "community", "{FA07BB9B-91A5-498B-A449-CAE012F1DE1E}"
EndProject
Project("{8BC9CEB8-8B4A-11D0-8D11-00A0C91BC942}") = "Detours", "gms083-starter\community\Detours\vc\Detours.vcxproj", "{37489709-8054-4903-9C49-A79846049FC9}"
EndProject
Project("{8BC9CEB8-8B4A-11D0-8D11-00A0C91BC942}") = "MapleStory", "gms083-starter\MapleStory\MapleStory.vcxproj", "{42336366-5969-40F4-9A73-CC047958A832}"
EndProject
Project("{8BC9CEB8-8B4A-11D0-8D11-00A0C91BC942}") = "MapleStoryEx", "gms083-starter\MapleStoryEx\MapleStoryEx.vcxproj", "{08B0536A-E3AC-42FD-89CF-AEF1A8C4952E}"
EndProject
Global
	GlobalSection(SolutionConfigurationPlatforms) = preSolution
		Debug|ARM = Debug|ARM
		Debug|ARM64 = Debug|ARM64
		Debug|x64 = Debug|x64
		Debug|x86 = Debug|x86
		DebugMDd|ARM = DebugMDd|ARM
		DebugMDd|ARM64 = DebugMDd|ARM64
		DebugMDd|x64 = DebugMDd|x64
		DebugMDd|x86 = DebugMDd|x86
		Release|ARM = Release|ARM
		Release|ARM64 = Release|ARM64
		Release|x64 = Release|x64
		Release|x86 = Release|x86
		ReleaseMD|ARM = ReleaseMD|ARM
		ReleaseMD|ARM64 = ReleaseMD|ARM64
		ReleaseMD|x64 = ReleaseMD|x64
		ReleaseMD|x86 = ReleaseMD|x86
	EndGlobalSection
	GlobalSection(ProjectConfigurationPlatforms) = postSolution
		{37489709-8054-4903-9C49-A79846049FC9}.Debug|ARM.ActiveCfg = DebugMDd|ARM
		{37489709-8054-4903-9C49-A79846049FC9}.Debug|ARM.Build.0 = DebugMDd|ARM
		{37489709-8054-4903-9C49-A79846049FC9}.Debug|ARM64.ActiveCfg = DebugMDd|ARM64
		{37489709-8054-4903-9C49-A79846049FC9}.Debug|ARM64.Build.0 = DebugMDd|ARM64
		{37489709-8054-4903-9C49-A79846049FC9}.Debug|x64.ActiveCfg = DebugMDd|x64
		{37489709-8054-4903-9C49-A79846049FC9}.Debug|x64.Build.0 = DebugMDd|x64
		{37489709-8054-4903-9C49-A79846049FC9}.Debug|x86.ActiveCfg = DebugMDd|Win32
		{37489709-8054-4903-9C49-A79846049FC9}.Debug|x86.Build.0 = DebugMDd|Win32
		{37489709-8054-4903-9C49-A79846049FC9}.DebugMDd|ARM.ActiveCfg = DebugMDd|ARM
		{37489709-8054-4903-9C49-A79846049FC9}.DebugMDd|ARM.Build.0 = DebugMDd|ARM
		{37489709-8054-4903-9C49-A79846049FC9}.DebugMDd|ARM64.ActiveCfg = DebugMDd|ARM64
		{37489709-8054-4903-9C49-A79846049FC9}.DebugMDd|ARM64.Build.0 = DebugMDd|ARM64
		{37489709-8054-4903-9C49-A79846049FC9}.DebugMDd|x64.ActiveCfg = DebugMDd|x64
		{37489709-8054-4903-9C49-A79846049FC9}.DebugMDd|x64.Build.0 = DebugMDd|x64
		{37489709-8054-4903-9C49-A79846049FC9}.DebugMDd|x86.ActiveCfg = DebugMDd|Win32
		{37489709-8054-4903-9C49-A79846049FC9}.DebugMDd|x86.Build.0 = DebugMDd|Win32
		{37489709-8054-4903-9C49-A79846049FC9}.Release|ARM.ActiveCfg = Release|ARM
		{37489709-8054-4903-9C49-A79846049FC9}.Release|ARM.Build.0 = Release|ARM
		{37489709-8054-4903-9C49-A79846049FC9}.Release|ARM64.ActiveCfg = Release|ARM64
		{37489709-8054-4903-9C49-A79846049FC9}.Release|ARM64.Build.0 = Release|ARM64
		{37489709-8054-4903-9C49-A79846049FC9}.Release|x64.ActiveCfg = Release|x64
		{37489709-8054-4903-9C49-A79846049FC9}.Release|x64.Build.0 = Release|x64
		{37489709-8054-4903-9C49-A79846049FC9}.Release|x86.ActiveCfg = Release|Win32
		{37489709-8054-4903-9C49-A79846049FC9}.Release|x86.Build.0 = Release|Win32
		{37489709-8054-4903-9C49-A79846049FC9}.ReleaseMD|ARM.ActiveCfg = ReleaseMD|ARM
		{37489709-8054-4903-9C49-A79846049FC9}.ReleaseMD|ARM.Build.0 = ReleaseMD|ARM
		{37489709-8054-4903-9C49-A79846049FC9}.ReleaseMD|ARM64.ActiveCfg = ReleaseMD|ARM64
		{37489709-8054-4903-9C49-A79846049FC9}.ReleaseMD|ARM64.Build.0 = ReleaseMD|ARM64
		{37489709-8054-4903-9C49-A79846049FC9}.ReleaseMD|x64.ActiveCfg = ReleaseMD|x64
		{37489709-8054-4903-9C49-A79846049FC9}.ReleaseMD|x64.Build.0 = ReleaseMD|x64
		{37489709-8054-4903-9C49-A79846049FC9}.ReleaseMD|x86.ActiveCfg = ReleaseMD|Win32
		{37489709-8054-4903-9C49-A79846049FC9}.ReleaseMD|x86.Build.0 = ReleaseMD|Win32
		{42336366-5969-40F4-9A73-CC047958A832}.Debug|ARM.ActiveCfg = Debug|x64
		{42336366-5969-40F4-9A73-CC047958A832}.Debug|ARM.Build.0 = Debug|x64
		{42336366-5969-40F4-9A73-CC047958A832}.Debug|ARM64.ActiveCfg = Debug|x64
		{42336366-5969-40F4-9A73-CC047958A832}.Debug|ARM64.Build.0 = Debug|x64
		{42336366-5969-40F4-9A73-CC047958A832}.Debug|x64.ActiveCfg = Debug|x64
		{42336366-5969-40F4-9A73-CC047958A832}.Debug|x64.Build.0 = Debug|x64
		{42336366-5969-40F4-9A73-CC047958A832}.Debug|x86.ActiveCfg = Debug|Win32
		{42336366-5969-40F4-9A73-CC047958A832}.Debug|x86.Build.0 = Debug|Win32
		{42336366-5969-40F4-9A73-CC047958A832}.DebugMDd|ARM.ActiveCfg = Debug|x64
		{42336366-5969-40F4-9A73-CC047958A832}.DebugMDd|ARM.Build.0 = Debug|x64
		{42336366-5969-40F4-9A73-CC047958A832}.DebugMDd|ARM64.ActiveCfg = Debug|x64
		{42336366-5969-40F4-9A73-CC047958A832}.DebugMDd|ARM64.Build.0 = Debug|x64
		{42336366-5969-40F4-9A73-CC047958A832}.DebugMDd|x64.ActiveCfg = Debug|x64
		{42336366-5969-40F4-9A73-CC047958A832}.DebugMDd|x64.Build.0 = Debug|x64
		{42336366-5969-40F4-9A73-CC047958A832}.DebugMDd|x86.ActiveCfg = Debug|Win32
		{42336366-5969-40F4-9A73-CC047958A832}.DebugMDd|x86.Build.0 = Debug|Win32
		{42336366-5969-40F4-9A73-CC047958A832}.Release|ARM.ActiveCfg = Release|x64
		{42336366-5969-40F4-9A73-CC047958A832}.Release|ARM.Build.0 = Release|x64
		{42336366-5969-40F4-9A73-CC047958A832}.Release|ARM64.ActiveCfg = Release|x64
		{42336366-5969-40F4-9A73-CC047958A832}.Release|ARM64.Build.0 = Release|x64
		{42336366-5969-40F4-9A73-CC047958A832}.Release|x64.ActiveCfg = Release|x64
		{42336366-5969-40F4-9A73-CC047958A832}.Release|x64.Build.0 = Release|x64
		{42336366-5969-40F4-9A73-CC047958A832}.Release|x86.ActiveCfg = Release|Win32
		{42336366-5969-40F4-9A73-CC047958A832}.Release|x86.Build.0 = Release|Win32
		{42336366-5969-40F4-9A73-CC047958A832}.ReleaseMD|ARM.ActiveCfg = Release|x64
		{42336366-5969-40F4-9A73-CC047958A832}.ReleaseMD|ARM.Build.0 = Release|x64
		{42336366-5969-40F4-9A73-CC047958A832}.ReleaseMD|ARM64.ActiveCfg = Release|x64
		{42336366-5969-40F4-9A73-CC047958A832}.ReleaseMD|ARM64.Build.0 = Release|x64
		{42336366-5969-40F4-9A73-CC047958A832}.ReleaseMD|x64.ActiveCfg = Release|x64
		{42336366-5969-40F4-9A73-CC047958A832}.ReleaseMD|x64.Build.0 = Release|x64
		{42336366-5969-40F4-9A73-CC047958A832}.ReleaseMD|x86.ActiveCfg = Release|Win32
		{42336366-5969-40F4-9A73-CC047958A832}.ReleaseMD|x86.Build.0 = Release|Win32
		{08B0536A-E3AC-42FD-89CF-AEF1A8C4952E}.Debug|ARM.ActiveCfg = Debug|x64
		{08B0536A-E3AC-42FD-89CF-AEF1A8C4952E}.Debug|ARM.Build.0 = Debug|x64
		{08B0536A-E3AC-42FD-89CF-AEF1A8C4952E}.Debug|ARM64.ActiveCfg = Debug|x64
		{08B0536A-E3AC-42FD-89CF-AEF1A8C4952E}.Debug|ARM64.Build.0 = Debug|x64
		{08B0536A-E3AC-42FD-89CF-AEF1A8C4952E}.Debug|x64.ActiveCfg = Debug|x64
		{08B0536A-E3AC-42FD-89CF-AEF1A8C4952E}.Debug|x64.Build.0 = Debug|x64
		{08B0536A-E3AC-42FD-89CF-AEF1A8C4952E}.Debug|x86.ActiveCfg = Debug|Win32
		{08B0536A-E3AC-42FD-89CF-AEF1A8C4952E}.Debug|x86.Build.0 = Debug|Win32
		{08B0536A-E3AC-42FD-89CF-AEF1A8C4952E}.DebugMDd|ARM.ActiveCfg = Debug|x64
		{08B0536A-E3AC-42FD-89CF-AEF1A8C4952E}.DebugMDd|ARM.Build.0 = Debug|x64
		{08B0536A-E3AC-42FD-89CF-AEF1A8C4952E}.DebugMDd|ARM64.ActiveCfg = Debug|x64
		{08B0536A-E3AC-42FD-89CF-AEF1A8C4952E}.DebugMDd|ARM64.Build.0 = Debug|x64
		{08B0536A-E3AC-42FD-89CF-AEF1A8C4952E}.DebugMDd|x64.ActiveCfg = Debug|x64
		{08B0536A-E3AC-42FD-89CF-AEF1A8C4952E}.DebugMDd|x64.Build.0 = Debug|x64
		{08B0536A-E3AC-42FD-89CF-AEF1A8C4952E}.DebugMDd|x86.ActiveCfg = Debug|Win32
		{08B0536A-E3AC-42FD-89CF-AEF1A8C4952E}.DebugMDd|x86.Build.0 = Debug|Win32
		{08B0536A-E3AC-42FD-89CF-AEF1A8C4952E}.Release|ARM.ActiveCfg = Release|x64
		{08B0536A-E3AC-42FD-89CF-AEF1A8C4952E}.Release|ARM.Build.0 = Release|x64
		{08B0536A-E3AC-42FD-89CF-AEF1A8C4952E}.Release|ARM64.ActiveCfg = Release|x64
		{08B0536A-E3AC-42FD-89CF-AEF1A8C4952E}.Release|ARM64.Build.0 = Release|x64
		{08B0536A-E3AC-42FD-89CF-AEF1A8C4952E}.Release|x64.ActiveCfg = Release|x64
		{08B0536A-E3AC-42FD-89CF-AEF1A8C4952E}.Release|x64.Build.0 = Release|x64
		{08B0536A-E3AC-42FD-89CF-AEF1A8C4952E}.Release|x86.ActiveCfg = Release|Win32
		{08B0536A-E3AC-42FD-89CF-AEF1A8C4952E}.Release|x86.Build.0 = Release|Win32
		{08B0536A-E3AC-42FD-89CF-AEF1A8C4952E}.ReleaseMD|ARM.ActiveCfg = Release|x64
		{08B0536A-E3AC-42FD-89CF-AEF1A8C4952E}.ReleaseMD|ARM.Build.0 = Release|x64
		{08B0536A-E3AC-42FD-89CF-AEF1A8C4952E}.ReleaseMD|ARM64.ActiveCfg = Release|x64
		{08B0536A-E3AC-42FD-89CF-AEF1A8C4952E}.ReleaseMD|ARM64.Build.0 = Release|x64
		{08B0536A-E3AC-42FD-89CF-AEF1A8C4952E}.ReleaseMD|x64.ActiveCfg = Release|x64
		{08B0536A-E3AC-42FD-89CF-AEF1A8C4952E}.ReleaseMD|x64.Build.0 = Release|x64
		{08B0536A-E3AC-42FD-89CF-AEF1A8C4952E}.ReleaseMD|x86.ActiveCfg = Release|Win32
		{08B0536A-E3AC-42FD-89CF-AEF1A8C4952E}.ReleaseMD|x86.Build.0 = Release|Win32
	EndGlobalSection
	GlobalSection(SolutionProperties) = preSolution
		HideSolutionNode = FALSE
	EndGlobalSection
	GlobalSection(NestedProjects) = preSolution
		{37489709-8054-4903-9C49-A79846049FC9} = {FA07BB9B-91A5-498B-A449-CAE012F1DE1E}
	EndGlobalSection
	GlobalSection(ExtensibilityGlobals) = postSolution
		SolutionGuid = {6C8A28F7-E01A-475A-898B-3E2E7C419639}
	EndGlobalSection
EndGlobal
