<?xml version="1.0" encoding="utf-8"?>
<Project ToolsVersion="4.0" xmlns="http://schemas.microsoft.com/developer/msbuild/2003">
  <ItemGroup>
    <Filter Include="Source Files">
      <UniqueIdentifier>{4FC737F1-C7A5-4376-A066-2A32D752A2FF}</UniqueIdentifier>
      <Extensions>cpp;c;cc;cxx;c++;cppm;ixx;def;odl;idl;hpj;bat;asm;asmx</Extensions>
    </Filter>
    <Filter Include="Header Files">
      <UniqueIdentifier>{93995380-89BD-4b04-88EB-625FBE52EBFB}</UniqueIdentifier>
      <Extensions>h;hh;hpp;hxx;h++;hm;inl;inc;ipp;xsd</Extensions>
    </Filter>
    <Filter Include="Resource Files">
      <UniqueIdentifier>{67DA6AB6-F800-4c08-8B7A-83BB121AAD01}</UniqueIdentifier>
      <Extensions>rc;ico;cur;bmp;dlg;rc2;rct;bin;rgs;gif;jpg;jpeg;jpe;resx;tiff;tif;png;wav;mfcribbon-ms</Extensions>
    </Filter>
    <Filter Include="src">
      <UniqueIdentifier>{61d8a63a-4023-4df4-b6f7-f25dc08f0569}</UniqueIdentifier>
    </Filter>
    <Filter Include="src\lib">
      <UniqueIdentifier>{14e7661c-6bee-49e2-8165-6a8dc2f7c510}</UniqueIdentifier>
    </Filter>
    <Filter Include="src\public">
      <UniqueIdentifier>{1806da9c-34e0-4cfe-8fdc-227bc712b3f3}</UniqueIdentifier>
    </Filter>
    <Filter Include="src\plugin">
      <UniqueIdentifier>{a90f1ec9-1e75-4bff-ad3d-ccd2f7f246da}</UniqueIdentifier>
    </Filter>
  </ItemGroup>
  <ItemGroup>
    <ClInclude Include="framework.h">
      <Filter>Header Files</Filter>
    </ClInclude>
    <ClInclude Include="pch.h">
      <Filter>Header Files</Filter>
    </ClInclude>
    <ClInclude Include="include\Hook.h">
      <Filter>src</Filter>
    </ClInclude>
    <ClInclude Include="community.h">
      <Filter>Header Files</Filter>
    </ClInclude>
    <ClInclude Include="include\memory.h">
      <Filter>src</Filter>
    </ClInclude>
    <ClInclude Include="include\ZXString.h">
      <Filter>Header Files</Filter>
    </ClInclude>
    <ClInclude Include="include\ZAllocEx.h">
      <Filter>src</Filter>
    </ClInclude>
    <ClInclude Include="include\ZAllocAnonSelector.h">
      <Filter>Header Files</Filter>
    </ClInclude>
    <ClInclude Include="include\ZAllocBase.h">
      <Filter>Header Files</Filter>
    </ClInclude>
    <ClInclude Include="include\ZAllocStrSelector.h">
      <Filter>Header Files</Filter>
    </ClInclude>
    <ClInclude Include="include\ZFatalSection.h">
      <Filter>Header Files</Filter>
    </ClInclude>
    <ClInclude Include="CFunctionEx.h">
      <Filter>src</Filter>
    </ClInclude>
    <ClInclude Include="CGlobal.h">
      <Filter>src</Filter>
    </ClInclude>
    <ClInclude Include="CKeyboard.h">
      <Filter>src</Filter>
    </ClInclude>
    <ClInclude Include="CommandInput.h">
      <Filter>src</Filter>
    </ClInclude>
    <ClInclude Include="CRole.h">
      <Filter>src</Filter>
    </ClInclude>
    <ClInclude Include="CPlugins.h">
      <Filter>src\plugin</Filter>
    </ClInclude>
    <ClInclude Include="include\CFunction.h">
      <Filter>src\public</Filter>
    </ClInclude>
    <ClInclude Include="include\community.h">
      <Filter>src\public</Filter>
    </ClInclude>
    <ClInclude Include="include\CMutex.h">
      <Filter>src\lib</Filter>
    </ClInclude>
  </ItemGroup>
  <ItemGroup>
    <ClCompile Include="dllmain.cpp">
      <Filter>Source Files</Filter>
    </ClCompile>
    <ClCompile Include="pch.cpp">
      <Filter>Source Files</Filter>
    </ClCompile>
    <ClCompile Include="Hook.cpp">
      <Filter>src</Filter>
    </ClCompile>
    <ClCompile Include="memory.cpp">
      <Filter>src</Filter>
    </ClCompile>
    <ClCompile Include="ZAllocEx.cpp">
      <Filter>src</Filter>
    </ClCompile>
    <ClCompile Include="CMutex.cpp">
      <Filter>src\lib</Filter>
    </ClCompile>
    <ClCompile Include="CFunctionEx.cpp">
      <Filter>src</Filter>
    </ClCompile>
    <ClCompile Include="CGlobal.cpp">
      <Filter>src</Filter>
    </ClCompile>
    <ClCompile Include="CKeyboard.cpp">
      <Filter>src</Filter>
    </ClCompile>
    <ClCompile Include="CommandInput.cpp">
      <Filter>src</Filter>
    </ClCompile>
    <ClCompile Include="CRole.cpp">
      <Filter>src</Filter>
    </ClCompile>
    <ClCompile Include="CFunction.cpp">
      <Filter>src\public</Filter>
    </ClCompile>
    <ClCompile Include="CPlugins.cpp">
      <Filter>src\plugin</Filter>
    </ClCompile>
  </ItemGroup>
</Project>