<?xml version="1.0" encoding="utf-8"?>
<Project ToolsVersion="4.0" xmlns="http://schemas.microsoft.com/developer/msbuild/2003">
  <ItemGroup>
    <Filter Include="Source Files">
      <UniqueIdentifier>{4FC737F1-C7A5-4376-A066-2A32D752A2FF}</UniqueIdentifier>
      <Extensions>cpp;c;cc;cxx;c++;cppm;ixx;def;odl;idl;hpj;bat;asm;asmx</Extensions>
    </Filter>
    <Filter Include="Header Files">
      <UniqueIdentifier>{93995380-89BD-4b04-88EB-625FBE52EBFB}</UniqueIdentifier>
      <Extensions>h;hh;hpp;hxx;h++;hm;inl;inc;ipp;xsd</Extensions>
    </Filter>
    <Filter Include="Resource Files">
      <UniqueIdentifier>{67DA6AB6-F800-4c08-8B7A-83BB121AAD01}</UniqueIdentifier>
      <Extensions>rc;ico;cur;bmp;dlg;rc2;rct;bin;rgs;gif;jpg;jpeg;jpe;resx;tiff;tif;png;wav;mfcribbon-ms</Extensions>
    </Filter>
    <Filter Include="src">
      <UniqueIdentifier>{61d8a63a-4023-4df4-b6f7-f25dc08f0569}</UniqueIdentifier>
    </Filter>
    <Filter Include="src\Function">
      <UniqueIdentifier>{c5088c64-35b1-4d1e-bbe5-c2106da0eff5}</UniqueIdentifier>
    </Filter>
  </ItemGroup>
  <ItemGroup>
    <ClInclude Include="framework.h">
      <Filter>Header Files</Filter>
    </ClInclude>
    <ClInclude Include="pch.h">
      <Filter>Header Files</Filter>
    </ClInclude>
    <ClInclude Include="include\Hook.h">
      <Filter>src</Filter>
    </ClInclude>
    <ClInclude Include="CPlugins.h">
      <Filter>src</Filter>
    </ClInclude>
    <ClInclude Include="community.h">
      <Filter>Header Files</Filter>
    </ClInclude>
    <ClInclude Include="include\CGlobal.h">
      <Filter>src</Filter>
    </ClInclude>
    <ClInclude Include="DebugTest.h">
      <Filter>src</Filter>
    </ClInclude>
    <ClInclude Include="include\memory.h">
      <Filter>src</Filter>
    </ClInclude>
    <ClInclude Include="CRole.h">
      <Filter>src</Filter>
    </ClInclude>
    <ClInclude Include="include\ZXString.h">
      <Filter>Header Files</Filter>
    </ClInclude>
    <ClInclude Include="include\ZAllocEx.h">
      <Filter>src</Filter>
    </ClInclude>
    <ClInclude Include="include\ZAllocAnonSelector.h">
      <Filter>Header Files</Filter>
    </ClInclude>
    <ClInclude Include="include\ZAllocBase.h">
      <Filter>Header Files</Filter>
    </ClInclude>
    <ClInclude Include="include\ZAllocStrSelector.h">
      <Filter>Header Files</Filter>
    </ClInclude>
    <ClInclude Include="include\ZFatalSection.h">
      <Filter>Header Files</Filter>
    </ClInclude>
    <ClInclude Include="include\ChatMessage.h">
      <Filter>src\Function</Filter>
    </ClInclude>
  </ItemGroup>
  <ItemGroup>
    <ClCompile Include="dllmain.cpp">
      <Filter>Source Files</Filter>
    </ClCompile>
    <ClCompile Include="pch.cpp">
      <Filter>Source Files</Filter>
    </ClCompile>
    <ClCompile Include="CGlobal.cpp">
      <Filter>src</Filter>
    </ClCompile>
    <ClCompile Include="CPlugins.cpp">
      <Filter>src</Filter>
    </ClCompile>
    <ClCompile Include="Hook.cpp">
      <Filter>src</Filter>
    </ClCompile>
    <ClCompile Include="DebugTest.cpp">
      <Filter>src</Filter>
    </ClCompile>
    <ClCompile Include="memory.cpp">
      <Filter>src</Filter>
    </ClCompile>
    <ClCompile Include="CRole.cpp">
      <Filter>src</Filter>
    </ClCompile>
    <ClCompile Include="ZAllocEx.cpp">
      <Filter>src</Filter>
    </ClCompile>
    <ClCompile Include="ChatMessage.cpp">
      <Filter>src\Function</Filter>
    </ClCompile>
  </ItemGroup>
</Project>