<?xml version="1.0" encoding="utf-8"?>
<Project ToolsVersion="4.0" xmlns="http://schemas.microsoft.com/developer/msbuild/2003">
  <ItemGroup>
    <Filter Include="源文件">
      <UniqueIdentifier>{4FC737F1-C7A5-4376-A066-2A32D752A2FF}</UniqueIdentifier>
      <Extensions>cpp;c;cc;cxx;c++;cppm;ixx;def;odl;idl;hpj;bat;asm;asmx</Extensions>
    </Filter>
    <Filter Include="头文件">
      <UniqueIdentifier>{93995380-89BD-4b04-88EB-625FBE52EBFB}</UniqueIdentifier>
      <Extensions>h;hh;hpp;hxx;h++;hm;inl;inc;ipp;xsd</Extensions>
    </Filter>
    <Filter Include="资源文件">
      <UniqueIdentifier>{67DA6AB6-F800-4c08-8B7A-83BB121AAD01}</UniqueIdentifier>
      <Extensions>rc;ico;cur;bmp;dlg;rc2;rct;bin;rgs;gif;jpg;jpeg;jpe;resx;tiff;tif;png;wav;mfcribbon-ms</Extensions>
    </Filter>
    <Filter Include="src">
      <UniqueIdentifier>{fb6cbb1e-01eb-4b9a-b747-5cc8467660d7}</UniqueIdentifier>
    </Filter>
    <Filter Include="src\interface">
      <UniqueIdentifier>{2ab81dc0-c855-44f1-b2bc-2d793b1eaa7f}</UniqueIdentifier>
    </Filter>
    <Filter Include="src\interface\net">
      <UniqueIdentifier>{88bd3d50-2d2a-4f2a-a05f-b1c11400dc57}</UniqueIdentifier>
    </Filter>
    <Filter Include="lib">
      <UniqueIdentifier>{5db44564-1180-49da-a4d0-53bbd2eb07f0}</UniqueIdentifier>
    </Filter>
    <Filter Include="src\interface\ZXString">
      <UniqueIdentifier>{d3a49848-62a5-42b3-9cc3-65400e1d76bf}</UniqueIdentifier>
    </Filter>
    <Filter Include="src\interface\net\protocol">
      <UniqueIdentifier>{cd86b92b-0470-4c6b-b8fd-74959d807717}</UniqueIdentifier>
    </Filter>
    <Filter Include="src\interface\net\protocol\Server">
      <UniqueIdentifier>{7cad954b-d3a9-413c-a77b-4a87fe83fe4d}</UniqueIdentifier>
    </Filter>
    <Filter Include="src\interface\net\protocol\Client">
      <UniqueIdentifier>{ce65ed17-7ff1-43f0-8971-88ef48560765}</UniqueIdentifier>
    </Filter>
    <Filter Include="src\interface\login">
      <UniqueIdentifier>{949629a3-1d3f-4fb9-84aa-b19e7174316e}</UniqueIdentifier>
    </Filter>
  </ItemGroup>
  <ItemGroup>
    <ClInclude Include="framework.h">
      <Filter>头文件</Filter>
    </ClInclude>
    <ClInclude Include="pch.h">
      <Filter>头文件</Filter>
    </ClInclude>
    <ClInclude Include="CClientSocket.h">
      <Filter>src\interface\net</Filter>
    </ClInclude>
    <ClInclude Include="COutPacket.h">
      <Filter>src\interface\net</Filter>
    </ClInclude>
    <ClInclude Include="CMutex.h">
      <Filter>lib</Filter>
    </ClInclude>
    <ClInclude Include="memory.h">
      <Filter>lib</Filter>
    </ClInclude>
    <ClInclude Include="CConfig.h">
      <Filter>src\interface</Filter>
    </ClInclude>
    <ClInclude Include="CSystemInfo.h">
      <Filter>src\interface</Filter>
    </ClInclude>
    <ClInclude Include="CWvsApp.h">
      <Filter>src\interface</Filter>
    </ClInclude>
    <ClInclude Include="ZXString\ZAllocAnonSelector.h">
      <Filter>src\interface\ZXString</Filter>
    </ClInclude>
    <ClInclude Include="ZXString\ZAllocBase.h">
      <Filter>src\interface\ZXString</Filter>
    </ClInclude>
    <ClInclude Include="ZXString\ZAllocEx.h">
      <Filter>src\interface\ZXString</Filter>
    </ClInclude>
    <ClInclude Include="ZXString\ZAllocStrSelector.h">
      <Filter>src\interface\ZXString</Filter>
    </ClInclude>
    <ClInclude Include="ZXString\ZFatalSection.h">
      <Filter>src\interface\ZXString</Filter>
    </ClInclude>
    <ClInclude Include="ZXString\ZXString.h">
      <Filter>src\interface\ZXString</Filter>
    </ClInclude>
    <ClInclude Include="CFunction.h">
      <Filter>src</Filter>
    </ClInclude>
    <ClInclude Include="Hook.h">
      <Filter>lib</Filter>
    </ClInclude>
    <ClInclude Include="CInPacket.h">
      <Filter>src\interface\net</Filter>
    </ClInclude>
    <ClInclude Include="ZAllocEx2.h">
      <Filter>src\interface</Filter>
    </ClInclude>
    <ClInclude Include="CServerLoginStatus.h">
      <Filter>src\interface\net\protocol\Server</Filter>
    </ClInclude>
    <ClInclude Include="CProtocol.h">
      <Filter>src\interface\net\protocol</Filter>
    </ClInclude>
    <ClInclude Include="CClientLoginPassord.h">
      <Filter>src\interface\net\protocol\Client</Filter>
    </ClInclude>
    <ClInclude Include="CServerLoginServerList.h">
      <Filter>src\interface\net\protocol\Server</Filter>
    </ClInclude>
    <ClInclude Include="Clogin.h">
      <Filter>src\interface\login</Filter>
    </ClInclude>
  </ItemGroup>
  <ItemGroup>
    <ClCompile Include="dllmain.cpp">
      <Filter>源文件</Filter>
    </ClCompile>
    <ClCompile Include="pch.cpp">
      <Filter>源文件</Filter>
    </ClCompile>
    <ClCompile Include="CClientSocket.cpp">
      <Filter>src\interface\net</Filter>
    </ClCompile>
    <ClCompile Include="COutPacket.cpp">
      <Filter>src\interface\net</Filter>
    </ClCompile>
    <ClCompile Include="CMutex.cpp">
      <Filter>lib</Filter>
    </ClCompile>
    <ClCompile Include="memory.cpp">
      <Filter>lib</Filter>
    </ClCompile>
    <ClCompile Include="CConfig.cpp">
      <Filter>src\interface</Filter>
    </ClCompile>
    <ClCompile Include="CSystemInfo.cpp">
      <Filter>src\interface</Filter>
    </ClCompile>
    <ClCompile Include="CWvsApp.cpp">
      <Filter>src\interface</Filter>
    </ClCompile>
    <ClCompile Include="CFunction.cpp">
      <Filter>src</Filter>
    </ClCompile>
    <ClCompile Include="Hook.cpp">
      <Filter>lib</Filter>
    </ClCompile>
    <ClCompile Include="CInPacket.cpp">
      <Filter>src\interface\net</Filter>
    </ClCompile>
    <ClCompile Include="ZAllocEx2.cpp">
      <Filter>src\interface</Filter>
    </ClCompile>
    <ClCompile Include="CServerLoginStatus.cpp">
      <Filter>src\interface\net\protocol\Server</Filter>
    </ClCompile>
    <ClCompile Include="CProtocol.cpp">
      <Filter>src\interface\net\protocol</Filter>
    </ClCompile>
    <ClCompile Include="CClientLoginPassord.cpp">
      <Filter>src\interface\net\protocol\Client</Filter>
    </ClCompile>
    <ClCompile Include="CServerLoginServerList.cpp">
      <Filter>src\interface\net\protocol\Server</Filter>
    </ClCompile>
    <ClCompile Include="Clogin.cpp">
      <Filter>src\interface\login</Filter>
    </ClCompile>
  </ItemGroup>
</Project>